// !$*UTF8*$!
{
	archiveVersion = 1;
	classes = {
	};
	objectVersion = 46;
	objects = {

/* Begin PBXBuildFile section */
		0712D8581DAFACA2000953B0 /* AppDelegate.swift in Sources */ = {isa = PBXBuildFile; fileRef = 0712D8571DAFACA2000953B0 /* AppDelegate.swift */; };
		0712D85A1DAFACA2000953B0 /* ViewController.swift in Sources */ = {isa = PBXBuildFile; fileRef = 0712D8591DAFACA2000953B0 /* ViewController.swift */; };
		0712D85D1DAFACA2000953B0 /* Home.storyboard in Resources */ = {isa = PBXBuildFile; fileRef = 0712D85B1DAFACA2000953B0 /* Home.storyboard */; };
		0712D85F1DAFACA2000953B0 /* Assets.xcassets in Resources */ = {isa = PBXBuildFile; fileRef = 0712D85E1DAFACA2000953B0 /* Assets.xcassets */; };
		0712D8621DAFACA2000953B0 /* LaunchScreen.storyboard in Resources */ = {isa = PBXBuildFile; fileRef = 0712D8601DAFACA2000953B0 /* LaunchScreen.storyboard */; };
		0712D8701DAFC0B3000953B0 /* mana.png in Resources */ = {isa = PBXBuildFile; fileRef = 0712D86F1DAFC0B3000953B0 /* mana.png */; };
		073AC9001DB11703007EF051 /* Transactions.storyboard in Resources */ = {isa = PBXBuildFile; fileRef = 073AC8FE1DB11703007EF051 /* Transactions.storyboard */; };
		073AC9011DB11703007EF051 /* TransactionsViewController.swift in Sources */ = {isa = PBXBuildFile; fileRef = 073AC8FF1DB11703007EF051 /* TransactionsViewController.swift */; };
		07EBC8CC1DB0E3A500C29348 /* HomeViewController.swift in Sources */ = {isa = PBXBuildFile; fileRef = 07EBC8C21DB0E3A500C29348 /* HomeViewController.swift */; };
		07EBC8CD1DB0E3A500C29348 /* HistoryCellViewModel.swift in Sources */ = {isa = PBXBuildFile; fileRef = 07EBC8C51DB0E3A500C29348 /* HistoryCellViewModel.swift */; };
		07EBC8CE1DB0E3A500C29348 /* HistoryDateCell.swift in Sources */ = {isa = PBXBuildFile; fileRef = 07EBC8C61DB0E3A500C29348 /* HistoryDateCell.swift */; };
		07EBC8CF1DB0E3A500C29348 /* HistorySavingCell.swift in Sources */ = {isa = PBXBuildFile; fileRef = 07EBC8C71DB0E3A500C29348 /* HistorySavingCell.swift */; };
		07EBC8D01DB0E3A500C29348 /* HistoryShoppingCell.swift in Sources */ = {isa = PBXBuildFile; fileRef = 07EBC8C81DB0E3A500C29348 /* HistoryShoppingCell.swift */; };
		07EBC8D11DB0E3A500C29348 /* DateFormatter+Utility.swift in Sources */ = {isa = PBXBuildFile; fileRef = 07EBC8CA1DB0E3A500C29348 /* DateFormatter+Utility.swift */; };
		07EBC8D21DB0E3A500C29348 /* Int+Utility.swift in Sources */ = {isa = PBXBuildFile; fileRef = 07EBC8CB1DB0E3A500C29348 /* Int+Utility.swift */; };
		07EBC8D51DB0E63F00C29348 /* LeftMenuViewController.swift in Sources */ = {isa = PBXBuildFile; fileRef = 07EBC8D41DB0E63F00C29348 /* LeftMenuViewController.swift */; };
		07EBC8D71DB0E89200C29348 /* LeftMenu.storyboard in Resources */ = {isa = PBXBuildFile; fileRef = 07EBC8D61DB0E89200C29348 /* LeftMenu.storyboard */; };
		07EBC8D91DB0EB7E00C29348 /* LeftMenuCell.swift in Sources */ = {isa = PBXBuildFile; fileRef = 07EBC8D81DB0EB7E00C29348 /* LeftMenuCell.swift */; };
		07EBC8DC1DB0FBE800C29348 /* RegisteredViewController.swift in Sources */ = {isa = PBXBuildFile; fileRef = 07EBC8DB1DB0FBE800C29348 /* RegisteredViewController.swift */; };
		07EBC8DE1DB0FBF500C29348 /* Registered.storyboard in Resources */ = {isa = PBXBuildFile; fileRef = 07EBC8DD1DB0FBF500C29348 /* Registered.storyboard */; };
		07EBC8E01DB0FCD800C29348 /* RegisteredCardCell.swift in Sources */ = {isa = PBXBuildFile; fileRef = 07EBC8DF1DB0FCD800C29348 /* RegisteredCardCell.swift */; };
		07EBC8E21DB101D500C29348 /* RegisteredCardViewModel.swift in Sources */ = {isa = PBXBuildFile; fileRef = 07EBC8E11DB101D500C29348 /* RegisteredCardViewModel.swift */; };
		270FD5571DB1C61300687176 /* SavingPlanViewController.swift in Sources */ = {isa = PBXBuildFile; fileRef = 270FD5561DB1C61300687176 /* SavingPlanViewController.swift */; };
		270FD5591DB1C65200687176 /* SavingPlan.storyboard in Resources */ = {isa = PBXBuildFile; fileRef = 270FD5581DB1C65200687176 /* SavingPlan.storyboard */; };
		270FD55C1DB1CE8800687176 /* InfoAmountCell.swift in Sources */ = {isa = PBXBuildFile; fileRef = 270FD55B1DB1CE8800687176 /* InfoAmountCell.swift */; };
		270FD55E1DB1CEC800687176 /* InfoDescriptionCell.swift in Sources */ = {isa = PBXBuildFile; fileRef = 270FD55D1DB1CEC800687176 /* InfoDescriptionCell.swift */; };
		270FD5601DB1CF6300687176 /* InfoSaveCell.swift in Sources */ = {isa = PBXBuildFile; fileRef = 270FD55F1DB1CF6300687176 /* InfoSaveCell.swift */; };
		270FD5621DB1CF9200687176 /* InfoShortCell.swift in Sources */ = {isa = PBXBuildFile; fileRef = 270FD5611DB1CF9200687176 /* InfoShortCell.swift */; };
		270FD5641DB1CFA100687176 /* InfoPaybackCell.swift in Sources */ = {isa = PBXBuildFile; fileRef = 270FD5631DB1CFA100687176 /* InfoPaybackCell.swift */; };
		270FD5661DB1D38000687176 /* InfoCellViewModel.swift in Sources */ = {isa = PBXBuildFile; fileRef = 270FD5651DB1D38000687176 /* InfoCellViewModel.swift */; };
		270FD5681DB1D8B500687176 /* Double+Utility.swift in Sources */ = {isa = PBXBuildFile; fileRef = 270FD5671DB1D8B500687176 /* Double+Utility.swift */; };
		270FD56B1DB1E0CD00687176 /* PaybackViewController.swift in Sources */ = {isa = PBXBuildFile; fileRef = 270FD56A1DB1E0CD00687176 /* PaybackViewController.swift */; };
		270FD56D1DB1E0DB00687176 /* Payback.storyboard in Resources */ = {isa = PBXBuildFile; fileRef = 270FD56C1DB1E0DB00687176 /* Payback.storyboard */; };
		270FD5701DB1ED4900687176 /* Contribution.storyboard in Resources */ = {isa = PBXBuildFile; fileRef = 270FD56F1DB1ED4900687176 /* Contribution.storyboard */; };
		270FD5721DB1ED5800687176 /* ContributionViewController.swift in Sources */ = {isa = PBXBuildFile; fileRef = 270FD5711DB1ED5800687176 /* ContributionViewController.swift */; };
		270FD5741DB1F0DD00687176 /* ContributionCell.swift in Sources */ = {isa = PBXBuildFile; fileRef = 270FD5731DB1F0DD00687176 /* ContributionCell.swift */; };
		270FD5761DB1F21300687176 /* ContributionCellViewModel.swift in Sources */ = {isa = PBXBuildFile; fileRef = 270FD5751DB1F21300687176 /* ContributionCellViewModel.swift */; };
		270FD57F1DB2192500687176 /* Label.swift in Sources */ = {isa = PBXBuildFile; fileRef = 270FD57E1DB2192500687176 /* Label.swift */; };
		270FD5841DB317F700687176 /* Start.storyboard in Resources */ = {isa = PBXBuildFile; fileRef = 270FD5831DB317F700687176 /* Start.storyboard */; };
		270FD5861DB3185C00687176 /* StartDemographicViewController.swift in Sources */ = {isa = PBXBuildFile; fileRef = 270FD5851DB3185C00687176 /* StartDemographicViewController.swift */; };
		270FD5881DB3241F00687176 /* SettingCell.swift in Sources */ = {isa = PBXBuildFile; fileRef = 270FD5871DB3241F00687176 /* SettingCell.swift */; };
		270FD58C1DB3325600687176 /* icon_arrow_under@2x.png in Resources */ = {isa = PBXBuildFile; fileRef = 270FD58B1DB3325600687176 /* icon_arrow_under@2x.png */; };
		270FD5901DB337C500687176 /* BurdenSettingViewController.swift in Sources */ = {isa = PBXBuildFile; fileRef = 270FD58F1DB337C500687176 /* BurdenSettingViewController.swift */; };
		270FD5921DB341A700687176 /* SharedInstanceManager.swift in Sources */ = {isa = PBXBuildFile; fileRef = 270FD5911DB341A700687176 /* SharedInstanceManager.swift */; };
		270FD5941DB34D8B00687176 /* icon_menu@2x.png in Resources */ = {isa = PBXBuildFile; fileRef = 270FD5931DB34D8B00687176 /* icon_menu@2x.png */; };
		7692E697B7838F6146BF0951 /* Pods_Sumire.framework in Frameworks */ = {isa = PBXBuildFile; fileRef = 355CE4F7F03043DFE65D6E58 /* Pods_Sumire.framework */; };
/* End PBXBuildFile section */

/* Begin PBXFileReference section */
		0712D8541DAFACA2000953B0 /* Sumire.app */ = {isa = PBXFileReference; explicitFileType = wrapper.application; includeInIndex = 0; path = Sumire.app; sourceTree = BUILT_PRODUCTS_DIR; };
		0712D8571DAFACA2000953B0 /* AppDelegate.swift */ = {isa = PBXFileReference; lastKnownFileType = sourcecode.swift; path = AppDelegate.swift; sourceTree = "<group>"; };
		0712D8591DAFACA2000953B0 /* ViewController.swift */ = {isa = PBXFileReference; lastKnownFileType = sourcecode.swift; path = ViewController.swift; sourceTree = "<group>"; };
		0712D85C1DAFACA2000953B0 /* Base */ = {isa = PBXFileReference; lastKnownFileType = file.storyboard; name = Base; path = Base.lproj/Home.storyboard; sourceTree = "<group>"; };
		0712D85E1DAFACA2000953B0 /* Assets.xcassets */ = {isa = PBXFileReference; lastKnownFileType = folder.assetcatalog; path = Assets.xcassets; sourceTree = "<group>"; };
		0712D8611DAFACA2000953B0 /* Base */ = {isa = PBXFileReference; lastKnownFileType = file.storyboard; name = Base; path = Base.lproj/LaunchScreen.storyboard; sourceTree = "<group>"; };
		0712D8631DAFACA2000953B0 /* Info.plist */ = {isa = PBXFileReference; lastKnownFileType = text.plist.xml; path = Info.plist; sourceTree = "<group>"; };
		0712D86F1DAFC0B3000953B0 /* mana.png */ = {isa = PBXFileReference; lastKnownFileType = image.png; path = mana.png; sourceTree = "<group>"; };
		073AC8FE1DB11703007EF051 /* Transactions.storyboard */ = {isa = PBXFileReference; fileEncoding = 4; lastKnownFileType = file.storyboard; path = Transactions.storyboard; sourceTree = "<group>"; };
		073AC8FF1DB11703007EF051 /* TransactionsViewController.swift */ = {isa = PBXFileReference; fileEncoding = 4; lastKnownFileType = sourcecode.swift; path = TransactionsViewController.swift; sourceTree = "<group>"; };
		07EBC8C21DB0E3A500C29348 /* HomeViewController.swift */ = {isa = PBXFileReference; fileEncoding = 4; lastKnownFileType = sourcecode.swift; path = HomeViewController.swift; sourceTree = "<group>"; };
		07EBC8C51DB0E3A500C29348 /* HistoryCellViewModel.swift */ = {isa = PBXFileReference; fileEncoding = 4; lastKnownFileType = sourcecode.swift; path = HistoryCellViewModel.swift; sourceTree = "<group>"; };
		07EBC8C61DB0E3A500C29348 /* HistoryDateCell.swift */ = {isa = PBXFileReference; fileEncoding = 4; lastKnownFileType = sourcecode.swift; path = HistoryDateCell.swift; sourceTree = "<group>"; };
		07EBC8C71DB0E3A500C29348 /* HistorySavingCell.swift */ = {isa = PBXFileReference; fileEncoding = 4; lastKnownFileType = sourcecode.swift; path = HistorySavingCell.swift; sourceTree = "<group>"; };
		07EBC8C81DB0E3A500C29348 /* HistoryShoppingCell.swift */ = {isa = PBXFileReference; fileEncoding = 4; lastKnownFileType = sourcecode.swift; path = HistoryShoppingCell.swift; sourceTree = "<group>"; };
		07EBC8CA1DB0E3A500C29348 /* DateFormatter+Utility.swift */ = {isa = PBXFileReference; fileEncoding = 4; lastKnownFileType = sourcecode.swift; path = "DateFormatter+Utility.swift"; sourceTree = "<group>"; };
		07EBC8CB1DB0E3A500C29348 /* Int+Utility.swift */ = {isa = PBXFileReference; fileEncoding = 4; lastKnownFileType = sourcecode.swift; path = "Int+Utility.swift"; sourceTree = "<group>"; };
		07EBC8D41DB0E63F00C29348 /* LeftMenuViewController.swift */ = {isa = PBXFileReference; fileEncoding = 4; lastKnownFileType = sourcecode.swift; path = LeftMenuViewController.swift; sourceTree = "<group>"; };
		07EBC8D61DB0E89200C29348 /* LeftMenu.storyboard */ = {isa = PBXFileReference; fileEncoding = 4; lastKnownFileType = file.storyboard; path = LeftMenu.storyboard; sourceTree = "<group>"; };
		07EBC8D81DB0EB7E00C29348 /* LeftMenuCell.swift */ = {isa = PBXFileReference; fileEncoding = 4; lastKnownFileType = sourcecode.swift; path = LeftMenuCell.swift; sourceTree = "<group>"; };
		07EBC8DB1DB0FBE800C29348 /* RegisteredViewController.swift */ = {isa = PBXFileReference; fileEncoding = 4; lastKnownFileType = sourcecode.swift; path = RegisteredViewController.swift; sourceTree = "<group>"; };
		07EBC8DD1DB0FBF500C29348 /* Registered.storyboard */ = {isa = PBXFileReference; fileEncoding = 4; lastKnownFileType = file.storyboard; path = Registered.storyboard; sourceTree = "<group>"; };
		07EBC8DF1DB0FCD800C29348 /* RegisteredCardCell.swift */ = {isa = PBXFileReference; fileEncoding = 4; lastKnownFileType = sourcecode.swift; path = RegisteredCardCell.swift; sourceTree = "<group>"; };
		07EBC8E11DB101D500C29348 /* RegisteredCardViewModel.swift */ = {isa = PBXFileReference; fileEncoding = 4; lastKnownFileType = sourcecode.swift; path = RegisteredCardViewModel.swift; sourceTree = "<group>"; };
		270FD5561DB1C61300687176 /* SavingPlanViewController.swift */ = {isa = PBXFileReference; fileEncoding = 4; lastKnownFileType = sourcecode.swift; path = SavingPlanViewController.swift; sourceTree = "<group>"; };
		270FD5581DB1C65200687176 /* SavingPlan.storyboard */ = {isa = PBXFileReference; fileEncoding = 4; lastKnownFileType = file.storyboard; path = SavingPlan.storyboard; sourceTree = "<group>"; };
		270FD55B1DB1CE8800687176 /* InfoAmountCell.swift */ = {isa = PBXFileReference; fileEncoding = 4; lastKnownFileType = sourcecode.swift; path = InfoAmountCell.swift; sourceTree = "<group>"; };
		270FD55D1DB1CEC800687176 /* InfoDescriptionCell.swift */ = {isa = PBXFileReference; fileEncoding = 4; lastKnownFileType = sourcecode.swift; path = InfoDescriptionCell.swift; sourceTree = "<group>"; };
		270FD55F1DB1CF6300687176 /* InfoSaveCell.swift */ = {isa = PBXFileReference; fileEncoding = 4; lastKnownFileType = sourcecode.swift; path = InfoSaveCell.swift; sourceTree = "<group>"; };
		270FD5611DB1CF9200687176 /* InfoShortCell.swift */ = {isa = PBXFileReference; fileEncoding = 4; lastKnownFileType = sourcecode.swift; path = InfoShortCell.swift; sourceTree = "<group>"; };
		270FD5631DB1CFA100687176 /* InfoPaybackCell.swift */ = {isa = PBXFileReference; fileEncoding = 4; lastKnownFileType = sourcecode.swift; path = InfoPaybackCell.swift; sourceTree = "<group>"; };
		270FD5651DB1D38000687176 /* InfoCellViewModel.swift */ = {isa = PBXFileReference; fileEncoding = 4; lastKnownFileType = sourcecode.swift; path = InfoCellViewModel.swift; sourceTree = "<group>"; };
		270FD5671DB1D8B500687176 /* Double+Utility.swift */ = {isa = PBXFileReference; fileEncoding = 4; lastKnownFileType = sourcecode.swift; path = "Double+Utility.swift"; sourceTree = "<group>"; };
		270FD56A1DB1E0CD00687176 /* PaybackViewController.swift */ = {isa = PBXFileReference; fileEncoding = 4; lastKnownFileType = sourcecode.swift; path = PaybackViewController.swift; sourceTree = "<group>"; };
		270FD56C1DB1E0DB00687176 /* Payback.storyboard */ = {isa = PBXFileReference; fileEncoding = 4; lastKnownFileType = file.storyboard; path = Payback.storyboard; sourceTree = "<group>"; };
		270FD56F1DB1ED4900687176 /* Contribution.storyboard */ = {isa = PBXFileReference; fileEncoding = 4; lastKnownFileType = file.storyboard; path = Contribution.storyboard; sourceTree = "<group>"; };
		270FD5711DB1ED5800687176 /* ContributionViewController.swift */ = {isa = PBXFileReference; fileEncoding = 4; lastKnownFileType = sourcecode.swift; path = ContributionViewController.swift; sourceTree = "<group>"; };
		270FD5731DB1F0DD00687176 /* ContributionCell.swift */ = {isa = PBXFileReference; fileEncoding = 4; lastKnownFileType = sourcecode.swift; path = ContributionCell.swift; sourceTree = "<group>"; };
		270FD5751DB1F21300687176 /* ContributionCellViewModel.swift */ = {isa = PBXFileReference; fileEncoding = 4; lastKnownFileType = sourcecode.swift; path = ContributionCellViewModel.swift; sourceTree = "<group>"; };
		270FD57E1DB2192500687176 /* Label.swift */ = {isa = PBXFileReference; fileEncoding = 4; lastKnownFileType = sourcecode.swift; path = Label.swift; sourceTree = "<group>"; };
		270FD5831DB317F700687176 /* Start.storyboard */ = {isa = PBXFileReference; fileEncoding = 4; lastKnownFileType = file.storyboard; path = Start.storyboard; sourceTree = "<group>"; };
		270FD5851DB3185C00687176 /* StartDemographicViewController.swift */ = {isa = PBXFileReference; fileEncoding = 4; lastKnownFileType = sourcecode.swift; path = StartDemographicViewController.swift; sourceTree = "<group>"; };
		270FD5871DB3241F00687176 /* SettingCell.swift */ = {isa = PBXFileReference; fileEncoding = 4; lastKnownFileType = sourcecode.swift; path = SettingCell.swift; sourceTree = "<group>"; };
		270FD58B1DB3325600687176 /* icon_arrow_under@2x.png */ = {isa = PBXFileReference; lastKnownFileType = image.png; path = "icon_arrow_under@2x.png"; sourceTree = "<group>"; };
		270FD58F1DB337C500687176 /* BurdenSettingViewController.swift */ = {isa = PBXFileReference; fileEncoding = 4; lastKnownFileType = sourcecode.swift; path = BurdenSettingViewController.swift; sourceTree = "<group>"; };
		270FD5911DB341A700687176 /* SharedInstanceManager.swift */ = {isa = PBXFileReference; fileEncoding = 4; lastKnownFileType = sourcecode.swift; path = SharedInstanceManager.swift; sourceTree = "<group>"; };
		270FD5931DB34D8B00687176 /* icon_menu@2x.png */ = {isa = PBXFileReference; lastKnownFileType = image.png; path = "icon_menu@2x.png"; sourceTree = "<group>"; };
		355CE4F7F03043DFE65D6E58 /* Pods_Sumire.framework */ = {isa = PBXFileReference; explicitFileType = wrapper.framework; includeInIndex = 0; path = Pods_Sumire.framework; sourceTree = BUILT_PRODUCTS_DIR; };
		7CFE45D97FE0945BC425A4A6 /* Pods-Sumire.release.xcconfig */ = {isa = PBXFileReference; includeInIndex = 1; lastKnownFileType = text.xcconfig; name = "Pods-Sumire.release.xcconfig"; path = "Pods/Target Support Files/Pods-Sumire/Pods-Sumire.release.xcconfig"; sourceTree = "<group>"; };
		F672BC6891D167EDB7F8E5A0 /* Pods-Sumire.debug.xcconfig */ = {isa = PBXFileReference; includeInIndex = 1; lastKnownFileType = text.xcconfig; name = "Pods-Sumire.debug.xcconfig"; path = "Pods/Target Support Files/Pods-Sumire/Pods-Sumire.debug.xcconfig"; sourceTree = "<group>"; };
/* End PBXFileReference section */

/* Begin PBXFrameworksBuildPhase section */
		0712D8511DAFACA2000953B0 /* Frameworks */ = {
			isa = PBXFrameworksBuildPhase;
			buildActionMask = 2147483647;
			files = (
				7692E697B7838F6146BF0951 /* Pods_Sumire.framework in Frameworks */,
			);
			runOnlyForDeploymentPostprocessing = 0;
		};
/* End PBXFrameworksBuildPhase section */

/* Begin PBXGroup section */
		0712D84B1DAFACA1000953B0 = {
			isa = PBXGroup;
			children = (
				0712D8561DAFACA2000953B0 /* Sumire */,
				0712D8551DAFACA2000953B0 /* Products */,
				0A0C3975A43C365A3F7060D2 /* Pods */,
				5D4E26946866E3C6FAE0706F /* Frameworks */,
			);
			sourceTree = "<group>";
		};
		0712D8551DAFACA2000953B0 /* Products */ = {
			isa = PBXGroup;
			children = (
				0712D8541DAFACA2000953B0 /* Sumire.app */,
			);
			name = Products;
			sourceTree = "<group>";
		};
		0712D8561DAFACA2000953B0 /* Sumire */ = {
			isa = PBXGroup;
			children = (
				0712D8571DAFACA2000953B0 /* AppDelegate.swift */,
				0712D8591DAFACA2000953B0 /* ViewController.swift */,
				270FD5911DB341A700687176 /* SharedInstanceManager.swift */,
				07EBC8C11DB0E3A500C29348 /* Home */,
				073AC8FD1DB11703007EF051 /* Transactions */,
				07EBC8DA1DB0FBD900C29348 /* Registered */,
				270FD5551DB1C60600687176 /* SavingPlan */,
				270FD5691DB1E0C000687176 /* Payback */,
				270FD56E1DB1ED0600687176 /* Contribution */,
				270FD5801DB3179900687176 /* Start */,
				07EBC8D31DB0E63200C29348 /* LeftMenu */,
				07EBC8C31DB0E3A500C29348 /* Shared */,
				0712D85E1DAFACA2000953B0 /* Assets.xcassets */,
				0712D86E1DAFC0B3000953B0 /* Resources */,
				0712D8601DAFACA2000953B0 /* LaunchScreen.storyboard */,
				0712D85B1DAFACA2000953B0 /* Home.storyboard */,
				0712D8631DAFACA2000953B0 /* Info.plist */,
			);
			path = Sumire;
			sourceTree = "<group>";
		};
		0712D86E1DAFC0B3000953B0 /* Resources */ = {
			isa = PBXGroup;
			children = (
				0712D86F1DAFC0B3000953B0 /* mana.png */,
				270FD58B1DB3325600687176 /* icon_arrow_under@2x.png */,
				270FD5931DB34D8B00687176 /* icon_menu@2x.png */,
			);
			path = Resources;
			sourceTree = "<group>";
		};
		073AC8FD1DB11703007EF051 /* Transactions */ = {
			isa = PBXGroup;
			children = (
				073AC8FE1DB11703007EF051 /* Transactions.storyboard */,
				073AC8FF1DB11703007EF051 /* TransactionsViewController.swift */,
			);
			path = Transactions;
			sourceTree = "<group>";
		};
		07EBC8C11DB0E3A500C29348 /* Home */ = {
			isa = PBXGroup;
			children = (
				07EBC8C21DB0E3A500C29348 /* HomeViewController.swift */,
			);
			path = Home;
			sourceTree = "<group>";
		};
		07EBC8C31DB0E3A500C29348 /* Shared */ = {
			isa = PBXGroup;
			children = (
				07EBC8C41DB0E3A500C29348 /* History */,
				270FD55A1DB1CE7300687176 /* Info */,
				07EBC8C91DB0E3A500C29348 /* Utility */,
				270FD57D1DB2191700687176 /* UI */,
			);
			path = Shared;
			sourceTree = "<group>";
		};
		07EBC8C41DB0E3A500C29348 /* History */ = {
			isa = PBXGroup;
			children = (
				07EBC8C51DB0E3A500C29348 /* HistoryCellViewModel.swift */,
				07EBC8C61DB0E3A500C29348 /* HistoryDateCell.swift */,
				07EBC8C71DB0E3A500C29348 /* HistorySavingCell.swift */,
				07EBC8C81DB0E3A500C29348 /* HistoryShoppingCell.swift */,
			);
			path = History;
			sourceTree = "<group>";
		};
		07EBC8C91DB0E3A500C29348 /* Utility */ = {
			isa = PBXGroup;
			children = (
				07EBC8CA1DB0E3A500C29348 /* DateFormatter+Utility.swift */,
				07EBC8CB1DB0E3A500C29348 /* Int+Utility.swift */,
				270FD5671DB1D8B500687176 /* Double+Utility.swift */,
			);
			path = Utility;
			sourceTree = "<group>";
		};
		07EBC8D31DB0E63200C29348 /* LeftMenu */ = {
			isa = PBXGroup;
			children = (
				07EBC8D41DB0E63F00C29348 /* LeftMenuViewController.swift */,
				07EBC8D61DB0E89200C29348 /* LeftMenu.storyboard */,
				07EBC8D81DB0EB7E00C29348 /* LeftMenuCell.swift */,
			);
			path = LeftMenu;
			sourceTree = "<group>";
		};
		07EBC8DA1DB0FBD900C29348 /* Registered */ = {
			isa = PBXGroup;
			children = (
				07EBC8DB1DB0FBE800C29348 /* RegisteredViewController.swift */,
				07EBC8E11DB101D500C29348 /* RegisteredCardViewModel.swift */,
				07EBC8DD1DB0FBF500C29348 /* Registered.storyboard */,
				07EBC8DF1DB0FCD800C29348 /* RegisteredCardCell.swift */,
			);
			path = Registered;
			sourceTree = "<group>";
		};
		0A0C3975A43C365A3F7060D2 /* Pods */ = {
			isa = PBXGroup;
			children = (
				F672BC6891D167EDB7F8E5A0 /* Pods-Sumire.debug.xcconfig */,
				7CFE45D97FE0945BC425A4A6 /* Pods-Sumire.release.xcconfig */,
			);
			name = Pods;
			sourceTree = "<group>";
		};
		270FD5551DB1C60600687176 /* SavingPlan */ = {
			isa = PBXGroup;
			children = (
				270FD5561DB1C61300687176 /* SavingPlanViewController.swift */,
				270FD5581DB1C65200687176 /* SavingPlan.storyboard */,
			);
			path = SavingPlan;
			sourceTree = "<group>";
		};
		270FD55A1DB1CE7300687176 /* Info */ = {
			isa = PBXGroup;
			children = (
				270FD5651DB1D38000687176 /* InfoCellViewModel.swift */,
				270FD55B1DB1CE8800687176 /* InfoAmountCell.swift */,
				270FD55D1DB1CEC800687176 /* InfoDescriptionCell.swift */,
				270FD55F1DB1CF6300687176 /* InfoSaveCell.swift */,
				270FD5611DB1CF9200687176 /* InfoShortCell.swift */,
				270FD5631DB1CFA100687176 /* InfoPaybackCell.swift */,
			);
			path = Info;
			sourceTree = "<group>";
		};
		270FD5691DB1E0C000687176 /* Payback */ = {
			isa = PBXGroup;
			children = (
				270FD56A1DB1E0CD00687176 /* PaybackViewController.swift */,
				270FD56C1DB1E0DB00687176 /* Payback.storyboard */,
			);
			path = Payback;
			sourceTree = "<group>";
		};
		270FD56E1DB1ED0600687176 /* Contribution */ = {
			isa = PBXGroup;
			children = (
				270FD56F1DB1ED4900687176 /* Contribution.storyboard */,
				270FD5711DB1ED5800687176 /* ContributionViewController.swift */,
				270FD5731DB1F0DD00687176 /* ContributionCell.swift */,
				270FD5751DB1F21300687176 /* ContributionCellViewModel.swift */,
			);
			path = Contribution;
			sourceTree = "<group>";
		};
		270FD57D1DB2191700687176 /* UI */ = {
			isa = PBXGroup;
			children = (
				270FD57E1DB2192500687176 /* Label.swift */,
			);
			path = UI;
			sourceTree = "<group>";
		};
		270FD5801DB3179900687176 /* Start */ = {
			isa = PBXGroup;
			children = (
				270FD5851DB3185C00687176 /* StartDemographicViewController.swift */,
				270FD5831DB317F700687176 /* Start.storyboard */,
				270FD5871DB3241F00687176 /* SettingCell.swift */,
				270FD58F1DB337C500687176 /* BurdenSettingViewController.swift */,
			);
			path = Start;
			sourceTree = "<group>";
		};
		5D4E26946866E3C6FAE0706F /* Frameworks */ = {
			isa = PBXGroup;
			children = (
				355CE4F7F03043DFE65D6E58 /* Pods_Sumire.framework */,
			);
			name = Frameworks;
			sourceTree = "<group>";
		};
/* End PBXGroup section */

/* Begin PBXNativeTarget section */
		0712D8531DAFACA2000953B0 /* Sumire */ = {
			isa = PBXNativeTarget;
			buildConfigurationList = 0712D8661DAFACA2000953B0 /* Build configuration list for PBXNativeTarget "Sumire" */;
			buildPhases = (
				0D91D955156973A777BCADD1 /* [CP] Check Pods Manifest.lock */,
				0712D86B1DAFB20F000953B0 /* Run Script */,
				0712D8501DAFACA2000953B0 /* Sources */,
				0712D8511DAFACA2000953B0 /* Frameworks */,
				0712D8521DAFACA2000953B0 /* Resources */,
				25B494DB899957173CFE9514 /* [CP] Embed Pods Frameworks */,
				2FF2A4AD346050E8F19D2995 /* [CP] Copy Pods Resources */,
			);
			buildRules = (
			);
			dependencies = (
			);
			name = Sumire;
			productName = Sumire;
			productReference = 0712D8541DAFACA2000953B0 /* Sumire.app */;
			productType = "com.apple.product-type.application";
		};
/* End PBXNativeTarget section */

/* Begin PBXProject section */
		0712D84C1DAFACA1000953B0 /* Project object */ = {
			isa = PBXProject;
			attributes = {
				LastSwiftUpdateCheck = 0730;
				LastUpgradeCheck = 0730;
				ORGANIZATIONNAME = koutalou;
				TargetAttributes = {
					0712D8531DAFACA2000953B0 = {
						CreatedOnToolsVersion = 7.3.1;
					};
				};
			};
			buildConfigurationList = 0712D84F1DAFACA1000953B0 /* Build configuration list for PBXProject "Sumire" */;
			compatibilityVersion = "Xcode 3.2";
			developmentRegion = English;
			hasScannedForEncodings = 0;
			knownRegions = (
				en,
				Base,
			);
			mainGroup = 0712D84B1DAFACA1000953B0;
			productRefGroup = 0712D8551DAFACA2000953B0 /* Products */;
			projectDirPath = "";
			projectRoot = "";
			targets = (
				0712D8531DAFACA2000953B0 /* Sumire */,
			);
		};
/* End PBXProject section */

/* Begin PBXResourcesBuildPhase section */
		0712D8521DAFACA2000953B0 /* Resources */ = {
			isa = PBXResourcesBuildPhase;
			buildActionMask = 2147483647;
			files = (
				270FD58C1DB3325600687176 /* icon_arrow_under@2x.png in Resources */,
				0712D8701DAFC0B3000953B0 /* mana.png in Resources */,
				0712D8621DAFACA2000953B0 /* LaunchScreen.storyboard in Resources */,
				270FD5941DB34D8B00687176 /* icon_menu@2x.png in Resources */,
				07EBC8DE1DB0FBF500C29348 /* Registered.storyboard in Resources */,
				270FD5841DB317F700687176 /* Start.storyboard in Resources */,
				073AC9001DB11703007EF051 /* Transactions.storyboard in Resources */,
				0712D85F1DAFACA2000953B0 /* Assets.xcassets in Resources */,
				07EBC8D71DB0E89200C29348 /* LeftMenu.storyboard in Resources */,
				0712D85D1DAFACA2000953B0 /* Home.storyboard in Resources */,
				270FD5591DB1C65200687176 /* SavingPlan.storyboard in Resources */,
				270FD5701DB1ED4900687176 /* Contribution.storyboard in Resources */,
				270FD56D1DB1E0DB00687176 /* Payback.storyboard in Resources */,
			);
			runOnlyForDeploymentPostprocessing = 0;
		};
/* End PBXResourcesBuildPhase section */

/* Begin PBXShellScriptBuildPhase section */
		0712D86B1DAFB20F000953B0 /* Run Script */ = {
			isa = PBXShellScriptBuildPhase;
			buildActionMask = 2147483647;
			files = (
			);
			inputPaths = (
			);
			name = "Run Script";
			outputPaths = (
			);
			runOnlyForDeploymentPostprocessing = 0;
			shellPath = /bin/sh;
			shellScript = "";
		};
		0D91D955156973A777BCADD1 /* [CP] Check Pods Manifest.lock */ = {
			isa = PBXShellScriptBuildPhase;
			buildActionMask = 2147483647;
			files = (
			);
			inputPaths = (
			);
			name = "[CP] Check Pods Manifest.lock";
			outputPaths = (
			);
			runOnlyForDeploymentPostprocessing = 0;
			shellPath = /bin/sh;
			shellScript = "diff \"${PODS_ROOT}/../Podfile.lock\" \"${PODS_ROOT}/Manifest.lock\" > /dev/null\nif [[ $? != 0 ]] ; then\n    cat << EOM\nerror: The sandbox is not in sync with the Podfile.lock. Run 'pod install' or update your CocoaPods installation.\nEOM\n    exit 1\nfi\n";
			showEnvVarsInLog = 0;
		};
		25B494DB899957173CFE9514 /* [CP] Embed Pods Frameworks */ = {
			isa = PBXShellScriptBuildPhase;
			buildActionMask = 2147483647;
			files = (
			);
			inputPaths = (
			);
			name = "[CP] Embed Pods Frameworks";
			outputPaths = (
			);
			runOnlyForDeploymentPostprocessing = 0;
			shellPath = /bin/sh;
			shellScript = "\"${SRCROOT}/Pods/Target Support Files/Pods-Sumire/Pods-Sumire-frameworks.sh\"\n";
			showEnvVarsInLog = 0;
		};
		2FF2A4AD346050E8F19D2995 /* [CP] Copy Pods Resources */ = {
			isa = PBXShellScriptBuildPhase;
			buildActionMask = 2147483647;
			files = (
			);
			inputPaths = (
			);
			name = "[CP] Copy Pods Resources";
			outputPaths = (
			);
			runOnlyForDeploymentPostprocessing = 0;
			shellPath = /bin/sh;
			shellScript = "\"${SRCROOT}/Pods/Target Support Files/Pods-Sumire/Pods-Sumire-resources.sh\"\n";
			showEnvVarsInLog = 0;
		};
/* End PBXShellScriptBuildPhase section */

/* Begin PBXSourcesBuildPhase section */
		0712D8501DAFACA2000953B0 /* Sources */ = {
			isa = PBXSourcesBuildPhase;
			buildActionMask = 2147483647;
			files = (
				270FD56B1DB1E0CD00687176 /* PaybackViewController.swift in Sources */,
				270FD5661DB1D38000687176 /* InfoCellViewModel.swift in Sources */,
				07EBC8CE1DB0E3A500C29348 /* HistoryDateCell.swift in Sources */,
				270FD55C1DB1CE8800687176 /* InfoAmountCell.swift in Sources */,
				07EBC8D21DB0E3A500C29348 /* Int+Utility.swift in Sources */,
				270FD5861DB3185C00687176 /* StartDemographicViewController.swift in Sources */,
				07EBC8D01DB0E3A500C29348 /* HistoryShoppingCell.swift in Sources */,
				270FD55E1DB1CEC800687176 /* InfoDescriptionCell.swift in Sources */,
				270FD5881DB3241F00687176 /* SettingCell.swift in Sources */,
				0712D85A1DAFACA2000953B0 /* ViewController.swift in Sources */,
				07EBC8D51DB0E63F00C29348 /* LeftMenuViewController.swift in Sources */,
				07EBC8E01DB0FCD800C29348 /* RegisteredCardCell.swift in Sources */,
				270FD5641DB1CFA100687176 /* InfoPaybackCell.swift in Sources */,
				07EBC8CF1DB0E3A500C29348 /* HistorySavingCell.swift in Sources */,
				270FD5721DB1ED5800687176 /* ContributionViewController.swift in Sources */,
				0712D8581DAFACA2000953B0 /* AppDelegate.swift in Sources */,
				07EBC8D91DB0EB7E00C29348 /* LeftMenuCell.swift in Sources */,
				07EBC8CC1DB0E3A500C29348 /* HomeViewController.swift in Sources */,
				07EBC8CD1DB0E3A500C29348 /* HistoryCellViewModel.swift in Sources */,
				270FD5571DB1C61300687176 /* SavingPlanViewController.swift in Sources */,
				270FD5621DB1CF9200687176 /* InfoShortCell.swift in Sources */,
				270FD5741DB1F0DD00687176 /* ContributionCell.swift in Sources */,
				270FD5901DB337C500687176 /* BurdenSettingViewController.swift in Sources */,
				07EBC8DC1DB0FBE800C29348 /* RegisteredViewController.swift in Sources */,
				07EBC8E21DB101D500C29348 /* RegisteredCardViewModel.swift in Sources */,
				270FD5681DB1D8B500687176 /* Double+Utility.swift in Sources */,
				07EBC8D11DB0E3A500C29348 /* DateFormatter+Utility.swift in Sources */,
				270FD5601DB1CF6300687176 /* InfoSaveCell.swift in Sources */,
				073AC9011DB11703007EF051 /* TransactionsViewController.swift in Sources */,
				270FD5921DB341A700687176 /* SharedInstanceManager.swift in Sources */,
				270FD57F1DB2192500687176 /* Label.swift in Sources */,
				270FD5761DB1F21300687176 /* ContributionCellViewModel.swift in Sources */,
			);
			runOnlyForDeploymentPostprocessing = 0;
		};
/* End PBXSourcesBuildPhase section */

/* Begin PBXVariantGroup section */
		0712D85B1DAFACA2000953B0 /* Home.storyboard */ = {
			isa = PBXVariantGroup;
			children = (
				0712D85C1DAFACA2000953B0 /* Base */,
			);
			name = Home.storyboard;
			sourceTree = "<group>";
		};
		0712D8601DAFACA2000953B0 /* LaunchScreen.storyboard */ = {
			isa = PBXVariantGroup;
			children = (
				0712D8611DAFACA2000953B0 /* Base */,
			);
			name = LaunchScreen.storyboard;
			sourceTree = "<group>";
		};
/* End PBXVariantGroup section */

/* Begin XCBuildConfiguration section */
		0712D8641DAFACA2000953B0 /* Debug */ = {
			isa = XCBuildConfiguration;
			buildSettings = {
				ALWAYS_SEARCH_USER_PATHS = NO;
				CLANG_ANALYZER_NONNULL = YES;
				CLANG_CXX_LANGUAGE_STANDARD = "gnu++0x";
				CLANG_CXX_LIBRARY = "libc++";
				CLANG_ENABLE_MODULES = YES;
				CLANG_ENABLE_OBJC_ARC = YES;
				CLANG_WARN_BOOL_CONVERSION = YES;
				CLANG_WARN_CONSTANT_CONVERSION = YES;
				CLANG_WARN_DIRECT_OBJC_ISA_USAGE = YES_ERROR;
				CLANG_WARN_EMPTY_BODY = YES;
				CLANG_WARN_ENUM_CONVERSION = YES;
				CLANG_WARN_INT_CONVERSION = YES;
				CLANG_WARN_OBJC_ROOT_CLASS = YES_ERROR;
				CLANG_WARN_UNREACHABLE_CODE = YES;
				CLANG_WARN__DUPLICATE_METHOD_MATCH = YES;
				"CODE_SIGN_IDENTITY[sdk=iphoneos*]" = "iPhone Developer";
				COPY_PHASE_STRIP = NO;
				DEBUG_INFORMATION_FORMAT = dwarf;
				ENABLE_STRICT_OBJC_MSGSEND = YES;
				ENABLE_TESTABILITY = YES;
				GCC_C_LANGUAGE_STANDARD = gnu99;
				GCC_DYNAMIC_NO_PIC = NO;
				GCC_NO_COMMON_BLOCKS = YES;
				GCC_OPTIMIZATION_LEVEL = 0;
				GCC_PREPROCESSOR_DEFINITIONS = (
					"DEBUG=1",
					"$(inherited)",
				);
				GCC_WARN_64_TO_32_BIT_CONVERSION = YES;
				GCC_WARN_ABOUT_RETURN_TYPE = YES_ERROR;
				GCC_WARN_UNDECLARED_SELECTOR = YES;
				GCC_WARN_UNINITIALIZED_AUTOS = YES_AGGRESSIVE;
				GCC_WARN_UNUSED_FUNCTION = YES;
				GCC_WARN_UNUSED_VARIABLE = YES;
				IPHONEOS_DEPLOYMENT_TARGET = 9.3;
				MTL_ENABLE_DEBUG_INFO = YES;
				ONLY_ACTIVE_ARCH = YES;
				SDKROOT = iphoneos;
				SWIFT_OPTIMIZATION_LEVEL = "-Onone";
				TARGETED_DEVICE_FAMILY = "1,2";
			};
			name = Debug;
		};
		0712D8651DAFACA2000953B0 /* Release */ = {
			isa = XCBuildConfiguration;
			buildSettings = {
				ALWAYS_SEARCH_USER_PATHS = NO;
				CLANG_ANALYZER_NONNULL = YES;
				CLANG_CXX_LANGUAGE_STANDARD = "gnu++0x";
				CLANG_CXX_LIBRARY = "libc++";
				CLANG_ENABLE_MODULES = YES;
				CLANG_ENABLE_OBJC_ARC = YES;
				CLANG_WARN_BOOL_CONVERSION = YES;
				CLANG_WARN_CONSTANT_CONVERSION = YES;
				CLANG_WARN_DIRECT_OBJC_ISA_USAGE = YES_ERROR;
				CLANG_WARN_EMPTY_BODY = YES;
				CLANG_WARN_ENUM_CONVERSION = YES;
				CLANG_WARN_INT_CONVERSION = YES;
				CLANG_WARN_OBJC_ROOT_CLASS = YES_ERROR;
				CLANG_WARN_UNREACHABLE_CODE = YES;
				CLANG_WARN__DUPLICATE_METHOD_MATCH = YES;
				"CODE_SIGN_IDENTITY[sdk=iphoneos*]" = "iPhone Developer";
				COPY_PHASE_STRIP = NO;
				DEBUG_INFORMATION_FORMAT = "dwarf-with-dsym";
				ENABLE_NS_ASSERTIONS = NO;
				ENABLE_STRICT_OBJC_MSGSEND = YES;
				GCC_C_LANGUAGE_STANDARD = gnu99;
				GCC_NO_COMMON_BLOCKS = YES;
				GCC_WARN_64_TO_32_BIT_CONVERSION = YES;
				GCC_WARN_ABOUT_RETURN_TYPE = YES_ERROR;
				GCC_WARN_UNDECLARED_SELECTOR = YES;
				GCC_WARN_UNINITIALIZED_AUTOS = YES_AGGRESSIVE;
				GCC_WARN_UNUSED_FUNCTION = YES;
				GCC_WARN_UNUSED_VARIABLE = YES;
				IPHONEOS_DEPLOYMENT_TARGET = 9.3;
				MTL_ENABLE_DEBUG_INFO = NO;
				SDKROOT = iphoneos;
				TARGETED_DEVICE_FAMILY = "1,2";
				VALIDATE_PRODUCT = YES;
			};
			name = Release;
		};
		0712D8671DAFACA2000953B0 /* Debug */ = {
			isa = XCBuildConfiguration;
			baseConfigurationReference = F672BC6891D167EDB7F8E5A0 /* Pods-Sumire.debug.xcconfig */;
			buildSettings = {
				ASSETCATALOG_COMPILER_APPICON_NAME = AppIcon;
				CODE_SIGN_IDENTITY = "iPhone Developer";
				INFOPLIST_FILE = Sumire/Info.plist;
				LD_RUNPATH_SEARCH_PATHS = "$(inherited) @executable_path/Frameworks";
				PRODUCT_BUNDLE_IDENTIFIER = com.moneyforward.Sumire;
				PRODUCT_NAME = "$(TARGET_NAME)";
			};
			name = Debug;
		};
		0712D8681DAFACA2000953B0 /* Release */ = {
			isa = XCBuildConfiguration;
			baseConfigurationReference = 7CFE45D97FE0945BC425A4A6 /* Pods-Sumire.release.xcconfig */;
			buildSettings = {
				ASSETCATALOG_COMPILER_APPICON_NAME = AppIcon;
				CODE_SIGN_IDENTITY = "iPhone Developer";
				INFOPLIST_FILE = Sumire/Info.plist;
				LD_RUNPATH_SEARCH_PATHS = "$(inherited) @executable_path/Frameworks";
				PRODUCT_BUNDLE_IDENTIFIER = com.moneyforward.Sumire;
				PRODUCT_NAME = "$(TARGET_NAME)";
			};
			name = Release;
		};
/* End XCBuildConfiguration section */

/* Begin XCConfigurationList section */
		0712D84F1DAFACA1000953B0 /* Build configuration list for PBXProject "Sumire" */ = {
			isa = XCConfigurationList;
			buildConfigurations = (
				0712D8641DAFACA2000953B0 /* Debug */,
				0712D8651DAFACA2000953B0 /* Release */,
			);
			defaultConfigurationIsVisible = 0;
			defaultConfigurationName = Release;
		};
		0712D8661DAFACA2000953B0 /* Build configuration list for PBXNativeTarget "Sumire" */ = {
			isa = XCConfigurationList;
			buildConfigurations = (
				0712D8671DAFACA2000953B0 /* Debug */,
				0712D8681DAFACA2000953B0 /* Release */,
			);
			defaultConfigurationIsVisible = 0;
			defaultConfigurationName = Release;
		};
/* End XCConfigurationList section */
	};
	rootObject = 0712D84C1DAFACA1000953B0 /* Project object */;
}
